
Microsoft Visual Studio Solution File, Format Version 12.00
# Visual Studio 14
VisualStudioVersion = 14.0.25420.1
MinimumVisualStudioVersion = 10.0.40219.1
Project("{FAE04EC0-301F-11D3-BF4B-00C04F79EFBC}") = "TesteSocket", "TesteSocket\TesteSocket.csproj", "{73374B46-DFD7-47C8-A118-035B3C3A506C}"
EndProject
Global
	GlobalSection(SolutionConfigurationPlatforms) = preSolution
		Debug|Any CPU = Debug|Any CPU
		Release|Any CPU = Release|Any CPU
	EndGlobalSection
	GlobalSection(ProjectConfigurationPlatforms) = postSolution
		{73374B46-DFD7-47C8-A118-035B3C3A506C}.Debug|Any CPU.ActiveCfg = Debug|Any CPU
		{73374B46-DFD7-47C8-A118-035B3C3A506C}.Debug|Any CPU.Build.0 = Debug|Any CPU
		{73374B46-DFD7-47C8-A118-035B3C3A506C}.Release|Any CPU.ActiveCfg = Release|Any CPU
		{73374B46-DFD7-47C8-A118-035B3C3A506C}.Release|Any CPU.Build.0 = Release|Any CPU
	EndGlobalSection
	GlobalSection(SolutionProperties) = preSolution
		HideSolutionNode = FALSE
	EndGlobalSection
EndGlobal
